
Microsoft Visual Studio Solution File, Format Version 12.00
# Visual Studio 14
VisualStudioVersion = 14.0.25123.0
MinimumVisualStudioVersion = 10.0.40219.1
Project("{FAE04EC0-301F-11D3-BF4B-00C04F79EFBC}") = "AdventureWorks", "AdventureWorks\AdventureWorks.csproj", "{DCEADFD6-5233-4BBF-9611-4ADF0A6B8C83}"
EndProject
Project("{FAE04EC0-301F-11D3-BF4B-00C04F79EFBC}") = "Adv.Domain", "Adv.Domain\Adv.Domain.csproj", "{2910F049-308F-4E13-819F-91F98D926E07}"
EndProject
Global
	GlobalSection(SolutionConfigurationPlatforms) = preSolution
		Debug|Any CPU = Debug|Any CPU
		Release|Any CPU = Release|Any CPU
	EndGlobalSection
	GlobalSection(ProjectConfigurationPlatforms) = postSolution
		{DCEADFD6-5233-4BBF-9611-4ADF0A6B8C83}.Debug|Any CPU.ActiveCfg = Debug|Any CPU
		{DCEADFD6-5233-4BBF-9611-4ADF0A6B8C83}.Debug|Any CPU.Build.0 = Debug|Any CPU
		{DCEADFD6-5233-4BBF-9611-4ADF0A6B8C83}.Release|Any CPU.ActiveCfg = Release|Any CPU
		{DCEADFD6-5233-4BBF-9611-4ADF0A6B8C83}.Release|Any CPU.Build.0 = Release|Any CPU
		{2910F049-308F-4E13-819F-91F98D926E07}.Debug|Any CPU.ActiveCfg = Debug|Any CPU
		{2910F049-308F-4E13-819F-91F98D926E07}.Debug|Any CPU.Build.0 = Debug|Any CPU
		{2910F049-308F-4E13-819F-91F98D926E07}.Release|Any CPU.ActiveCfg = Release|Any CPU
		{2910F049-308F-4E13-819F-91F98D926E07}.Release|Any CPU.Build.0 = Release|Any CPU
	EndGlobalSection
	GlobalSection(SolutionProperties) = preSolution
		HideSolutionNode = FALSE
	EndGlobalSection
EndGlobal
